{
  "name": "systemjs-demo",
  "version": "1.0.0",
  "lockfileVersion": 1,
  "requires": true,
  "dependencies": {
    "systemjs": {
      "version": "6.12.1",
      "resolved": "https://registry.npmjs.org/systemjs/-/systemjs-6.12.1.tgz",
      "integrity": "sha512-hqTN6kW+pN6/qro6G9OZ7ceDQOcYno020zBQKpZQLsJhYTDMCMNfXi/Y8duF5iW+4WWZr42ry0MMkcRGpbwG2A=="
    },
    "systemjs-babel": {
      "version": "0.3.1",
      "resolved": "https://registry.npmjs.org/systemjs-babel/-/systemjs-babel-0.3.1.tgz",
      "integrity": "sha512-ggZ+v7RSKmN1OlAd46REpfZJmBTnrBUH1zgHnSalIB0KPepfPXEm1p2auE6v7wCmJl231EyApRxnw6X3SgpQtA=="
    },
    "typescript": {
      "version": "4.6.3",
      "resolved": "https://registry.npmjs.org/typescript/-/typescript-4.6.3.tgz",
      "integrity": "sha512-yNIatDa5iaofVozS/uQJEl3JRWLKKGJKh6Yaiv0GLGSuhpFJe7P3SbHZ8/yjAHRQwKRoA6YZqlfjXWmVzoVSMw=="
    }
  }
}
